// !$*UTF8*$!
{
	archiveVersion = 1;
	classes = {
	};
	objectVersion = 56;
	objects = {

/* Begin PBXBuildFile section */
		934ACCED2A6A89B000CF4930 /* AppDelegate.swift in Sources */ = {isa = PBXBuildFile; fileRef = 934ACCEC2A6A89B000CF4930 /* AppDelegate.swift */; };
		934ACCEF2A6A89B000CF4930 /* SceneDelegate.swift in Sources */ = {isa = PBXBuildFile; fileRef = 934ACCEE2A6A89B000CF4930 /* SceneDelegate.swift */; };
		934ACCF12A6A89B000CF4930 /* ViewController.swift in Sources */ = {isa = PBXBuildFile; fileRef = 934ACCF02A6A89B000CF4930 /* ViewController.swift */; };
		934ACCF42A6A89B000CF4930 /* Main.storyboard in Resources */ = {isa = PBXBuildFile; fileRef = 934ACCF22A6A89B000CF4930 /* Main.storyboard */; };
		934ACCF62A6A89B000CF4930 /* Assets.xcassets in Resources */ = {isa = PBXBuildFile; fileRef = 934ACCF52A6A89B000CF4930 /* Assets.xcassets */; };
		934ACCF92A6A89B000CF4930 /* LaunchScreen.storyboard in Resources */ = {isa = PBXBuildFile; fileRef = 934ACCF72A6A89B000CF4930 /* LaunchScreen.storyboard */; };
		937725D82A6EB0E900227421 /* A.wav in Resources */ = {isa = PBXBuildFile; fileRef = 937725D12A6EB0E900227421 /* A.wav */; };
		937725D92A6EB0E900227421 /* C.wav in Resources */ = {isa = PBXBuildFile; fileRef = 937725D22A6EB0E900227421 /* C.wav */; };
		937725DA2A6EB0E900227421 /* B.wav in Resources */ = {isa = PBXBuildFile; fileRef = 937725D32A6EB0E900227421 /* B.wav */; };
		937725DB2A6EB0E900227421 /* F.wav in Resources */ = {isa = PBXBuildFile; fileRef = 937725D42A6EB0E900227421 /* F.wav */; };
		937725DC2A6EB0E900227421 /* G.wav in Resources */ = {isa = PBXBuildFile; fileRef = 937725D52A6EB0E900227421 /* G.wav */; };
		937725DD2A6EB0E900227421 /* E.wav in Resources */ = {isa = PBXBuildFile; fileRef = 937725D62A6EB0E900227421 /* E.wav */; };
		937725DE2A6EB0E900227421 /* D.wav in Resources */ = {isa = PBXBuildFile; fileRef = 937725D72A6EB0E900227421 /* D.wav */; };
/* End PBXBuildFile section */

/* Begin PBXFileReference section */
		934ACCE92A6A89B000CF4930 /* XylopApp.app */ = {isa = PBXFileReference; explicitFileType = wrapper.application; includeInIndex = 0; path = XylopApp.app; sourceTree = BUILT_PRODUCTS_DIR; };
		934ACCEC2A6A89B000CF4930 /* AppDelegate.swift */ = {isa = PBXFileReference; lastKnownFileType = sourcecode.swift; path = AppDelegate.swift; sourceTree = "<group>"; };
		934ACCEE2A6A89B000CF4930 /* SceneDelegate.swift */ = {isa = PBXFileReference; lastKnownFileType = sourcecode.swift; path = SceneDelegate.swift; sourceTree = "<group>"; };
		934ACCF02A6A89B000CF4930 /* ViewController.swift */ = {isa = PBXFileReference; lastKnownFileType = sourcecode.swift; path = ViewController.swift; sourceTree = "<group>"; };
		934ACCF32A6A89B000CF4930 /* Base */ = {isa = PBXFileReference; lastKnownFileType = file.storyboard; name = Base; path = Base.lproj/Main.storyboard; sourceTree = "<group>"; };
		934ACCF52A6A89B000CF4930 /* Assets.xcassets */ = {isa = PBXFileReference; lastKnownFileType = folder.assetcatalog; path = Assets.xcassets; sourceTree = "<group>"; };
		934ACCF82A6A89B000CF4930 /* Base */ = {isa = PBXFileReference; lastKnownFileType = file.storyboard; name = Base; path = Base.lproj/LaunchScreen.storyboard; sourceTree = "<group>"; };
		934ACCFA2A6A89B000CF4930 /* Info.plist */ = {isa = PBXFileReference; lastKnownFileType = text.plist.xml; path = Info.plist; sourceTree = "<group>"; };
		937725D12A6EB0E900227421 /* A.wav */ = {isa = PBXFileReference; lastKnownFileType = audio.wav; path = A.wav; sourceTree = "<group>"; };
		937725D22A6EB0E900227421 /* C.wav */ = {isa = PBXFileReference; lastKnownFileType = audio.wav; path = C.wav; sourceTree = "<group>"; };
		937725D32A6EB0E900227421 /* B.wav */ = {isa = PBXFileReference; lastKnownFileType = audio.wav; path = B.wav; sourceTree = "<group>"; };
		937725D42A6EB0E900227421 /* F.wav */ = {isa = PBXFileReference; lastKnownFileType = audio.wav; path = F.wav; sourceTree = "<group>"; };
		937725D52A6EB0E900227421 /* G.wav */ = {isa = PBXFileReference; lastKnownFileType = audio.wav; path = G.wav; sourceTree = "<group>"; };
		937725D62A6EB0E900227421 /* E.wav */ = {isa = PBXFileReference; lastKnownFileType = audio.wav; path = E.wav; sourceTree = "<group>"; };
		937725D72A6EB0E900227421 /* D.wav */ = {isa = PBXFileReference; lastKnownFileType = audio.wav; path = D.wav; sourceTree = "<group>"; };
/* End PBXFileReference section */

/* Begin PBXFrameworksBuildPhase section */
		934ACCE62A6A89B000CF4930 /* Frameworks */ = {
			isa = PBXFrameworksBuildPhase;
			buildActionMask = 2147483647;
			files = (
			);
			runOnlyForDeploymentPostprocessing = 0;
		};
/* End PBXFrameworksBuildPhase section */

/* Begin PBXGroup section */
		934ACCE02A6A89AF00CF4930 = {
			isa = PBXGroup;
			children = (
				934ACCEB2A6A89B000CF4930 /* XylopApp */,
				934ACCEA2A6A89B000CF4930 /* Products */,
			);
			sourceTree = "<group>";
		};
		934ACCEA2A6A89B000CF4930 /* Products */ = {
			isa = PBXGroup;
			children = (
				934ACCE92A6A89B000CF4930 /* XylopApp.app */,
			);
			name = Products;
			sourceTree = "<group>";
		};
		934ACCEB2A6A89B000CF4930 /* XylopApp */ = {
			isa = PBXGroup;
			children = (
				934ACCEC2A6A89B000CF4930 /* AppDelegate.swift */,
				937725D02A6EB0E900227421 /* Sounds */,
				934ACCEE2A6A89B000CF4930 /* SceneDelegate.swift */,
				934ACCF02A6A89B000CF4930 /* ViewController.swift */,
				934ACCF22A6A89B000CF4930 /* Main.storyboard */,
				934ACCF52A6A89B000CF4930 /* Assets.xcassets */,
				934ACCF72A6A89B000CF4930 /* LaunchScreen.storyboard */,
				934ACCFA2A6A89B000CF4930 /* Info.plist */,
			);
			path = XylopApp;
			sourceTree = "<group>";
		};
		937725D02A6EB0E900227421 /* Sounds */ = {
			isa = PBXGroup;
			children = (
				937725D12A6EB0E900227421 /* A.wav */,
				937725D22A6EB0E900227421 /* C.wav */,
				937725D32A6EB0E900227421 /* B.wav */,
				937725D42A6EB0E900227421 /* F.wav */,
				937725D52A6EB0E900227421 /* G.wav */,
				937725D62A6EB0E900227421 /* E.wav */,
				937725D72A6EB0E900227421 /* D.wav */,
			);
			path = Sounds;
			sourceTree = "<group>";
		};
/* End PBXGroup section */

/* Begin PBXNativeTarget section */
		934ACCE82A6A89B000CF4930 /* XylopApp */ = {
			isa = PBXNativeTarget;
			buildConfigurationList = 934ACCFD2A6A89B000CF4930 /* Build configuration list for PBXNativeTarget "XylopApp" */;
			buildPhases = (
				934ACCE52A6A89B000CF4930 /* Sources */,
				934ACCE62A6A89B000CF4930 /* Frameworks */,
				934ACCE72A6A89B000CF4930 /* Resources */,
			);
			buildRules = (
			);
			dependencies = (
			);
			name = XylopApp;
			productName = XylopApp;
			productReference = 934ACCE92A6A89B000CF4930 /* XylopApp.app */;
			productType = "com.apple.product-type.application";
		};
/* End PBXNativeTarget section */

/* Begin PBXProject section */
		934ACCE12A6A89AF00CF4930 /* Project object */ = {
			isa = PBXProject;
			attributes = {
				BuildIndependentTargetsInParallel = 1;
				LastSwiftUpdateCheck = 1430;
				LastUpgradeCheck = 1430;
				TargetAttributes = {
					934ACCE82A6A89B000CF4930 = {
						CreatedOnToolsVersion = 14.3.1;
					};
				};
			};
			buildConfigurationList = 934ACCE42A6A89AF00CF4930 /* Build configuration list for PBXProject "XylopApp" */;
			compatibilityVersion = "Xcode 14.0";
			developmentRegion = en;
			hasScannedForEncodings = 0;
			knownRegions = (
				en,
				Base,
			);
			mainGroup = 934ACCE02A6A89AF00CF4930;
			productRefGroup = 934ACCEA2A6A89B000CF4930 /* Products */;
			projectDirPath = "";
			projectRoot = "";
			targets = (
				934ACCE82A6A89B000CF4930 /* XylopApp */,
			);
		};
/* End PBXProject section */

/* Begin PBXResourcesBuildPhase section */
		934ACCE72A6A89B000CF4930 /* Resources */ = {
			isa = PBXResourcesBuildPhase;
			buildActionMask = 2147483647;
			files = (
				937725DC2A6EB0E900227421 /* G.wav in Resources */,
				934ACCF92A6A89B000CF4930 /* LaunchScreen.storyboard in Resources */,
				937725DB2A6EB0E900227421 /* F.wav in Resources */,
				934ACCF62A6A89B000CF4930 /* Assets.xcassets in Resources */,
				937725D82A6EB0E900227421 /* A.wav in Resources */,
				937725DA2A6EB0E900227421 /* B.wav in Resources */,
				937725DD2A6EB0E900227421 /* E.wav in Resources */,
				937725DE2A6EB0E900227421 /* D.wav in Resources */,
				934ACCF42A6A89B000CF4930 /* Main.storyboard in Resources */,
				937725D92A6EB0E900227421 /* C.wav in Resources */,
			);
			runOnlyForDeploymentPostprocessing = 0;
		};
/* End PBXResourcesBuildPhase section */

/* Begin PBXSourcesBuildPhase section */
		934ACCE52A6A89B000CF4930 /* Sources */ = {
			isa = PBXSourcesBuildPhase;
			buildActionMask = 2147483647;
			files = (
				934ACCF12A6A89B000CF4930 /* ViewController.swift in Sources */,
				934ACCED2A6A89B000CF4930 /* AppDelegate.swift in Sources */,
				934ACCEF2A6A89B000CF4930 /* SceneDelegate.swift in Sources */,
			);
			runOnlyForDeploymentPostprocessing = 0;
		};
/* End PBXSourcesBuildPhase section */

/* Begin PBXVariantGroup section */
		934ACCF22A6A89B000CF4930 /* Main.storyboard */ = {
			isa = PBXVariantGroup;
			children = (
				934ACCF32A6A89B000CF4930 /* Base */,
			);
			name = Main.storyboard;
			sourceTree = "<group>";
		};
		934ACCF72A6A89B000CF4930 /* LaunchScreen.storyboard */ = {
			isa = PBXVariantGroup;
			children = (
				934ACCF82A6A89B000CF4930 /* Base */,
			);
			name = LaunchScreen.storyboard;
			sourceTree = "<group>";
		};
/* End PBXVariantGroup section */

/* Begin XCBuildConfiguration section */
		934ACCFB2A6A89B000CF4930 /* Debug */ = {
			isa = XCBuildConfiguration;
			buildSettings = {
				ALWAYS_SEARCH_USER_PATHS = NO;
				CLANG_ANALYZER_NONNULL = YES;
				CLANG_ANALYZER_NUMBER_OBJECT_CONVERSION = YES_AGGRESSIVE;
				CLANG_CXX_LANGUAGE_STANDARD = "gnu++20";
				CLANG_ENABLE_MODULES = YES;
				CLANG_ENABLE_OBJC_ARC = YES;
				CLANG_ENABLE_OBJC_WEAK = YES;
				CLANG_WARN_BLOCK_CAPTURE_AUTORELEASING = YES;
				CLANG_WARN_BOOL_CONVERSION = YES;
				CLANG_WARN_COMMA = YES;
				CLANG_WARN_CONSTANT_CONVERSION = YES;
				CLANG_WARN_DEPRECATED_OBJC_IMPLEMENTATIONS = YES;
				CLANG_WARN_DIRECT_OBJC_ISA_USAGE = YES_ERROR;
				CLANG_WARN_DOCUMENTATION_COMMENTS = YES;
				CLANG_WARN_EMPTY_BODY = YES;
				CLANG_WARN_ENUM_CONVERSION = YES;
				CLANG_WARN_INFINITE_RECURSION = YES;
				CLANG_WARN_INT_CONVERSION = YES;
				CLANG_WARN_NON_LITERAL_NULL_CONVERSION = YES;
				CLANG_WARN_OBJC_IMPLICIT_RETAIN_SELF = YES;
				CLANG_WARN_OBJC_LITERAL_CONVERSION = YES;
				CLANG_WARN_OBJC_ROOT_CLASS = YES_ERROR;
				CLANG_WARN_QUOTED_INCLUDE_IN_FRAMEWORK_HEADER = YES;
				CLANG_WARN_RANGE_LOOP_ANALYSIS = YES;
				CLANG_WARN_STRICT_PROTOTYPES = YES;
				CLANG_WARN_SUSPICIOUS_MOVE = YES;
				CLANG_WARN_UNGUARDED_AVAILABILITY = YES_AGGRESSIVE;
				CLANG_WARN_UNREACHABLE_CODE = YES;
				CLANG_WARN__DUPLICATE_METHOD_MATCH = YES;
				COPY_PHASE_STRIP = NO;
				DEBUG_INFORMATION_FORMAT = dwarf;
				ENABLE_STRICT_OBJC_MSGSEND = YES;
				ENABLE_TESTABILITY = YES;
				GCC_C_LANGUAGE_STANDARD = gnu11;
				GCC_DYNAMIC_NO_PIC = NO;
				GCC_NO_COMMON_BLOCKS = YES;
				GCC_OPTIMIZATION_LEVEL = 0;
				GCC_PREPROCESSOR_DEFINITIONS = (
					"DEBUG=1",
					"$(inherited)",
				);
				GCC_WARN_64_TO_32_BIT_CONVERSION = YES;
				GCC_WARN_ABOUT_RETURN_TYPE = YES_ERROR;
				GCC_WARN_UNDECLARED_SELECTOR = YES;
				GCC_WARN_UNINITIALIZED_AUTOS = YES_AGGRESSIVE;
				GCC_WARN_UNUSED_FUNCTION = YES;
				GCC_WARN_UNUSED_VARIABLE = YES;
				IPHONEOS_DEPLOYMENT_TARGET = 16.4;
				MTL_ENABLE_DEBUG_INFO = INCLUDE_SOURCE;
				MTL_FAST_MATH = YES;
				ONLY_ACTIVE_ARCH = YES;
				SDKROOT = iphoneos;
				SWIFT_ACTIVE_COMPILATION_CONDITIONS = DEBUG;
				SWIFT_OPTIMIZATION_LEVEL = "-Onone";
			};
			name = Debug;
		};
		934ACCFC2A6A89B000CF4930 /* Release */ = {
			isa = XCBuildConfiguration;
			buildSettings = {
				ALWAYS_SEARCH_USER_PATHS = NO;
				CLANG_ANALYZER_NONNULL = YES;
				CLANG_ANALYZER_NUMBER_OBJECT_CONVERSION = YES_AGGRESSIVE;
				CLANG_CXX_LANGUAGE_STANDARD = "gnu++20";
				CLANG_ENABLE_MODULES = YES;
				CLANG_ENABLE_OBJC_ARC = YES;
				CLANG_ENABLE_OBJC_WEAK = YES;
				CLANG_WARN_BLOCK_CAPTURE_AUTORELEASING = YES;
				CLANG_WARN_BOOL_CONVERSION = YES;
				CLANG_WARN_COMMA = YES;
				CLANG_WARN_CONSTANT_CONVERSION = YES;
				CLANG_WARN_DEPRECATED_OBJC_IMPLEMENTATIONS = YES;
				CLANG_WARN_DIRECT_OBJC_ISA_USAGE = YES_ERROR;
				CLANG_WARN_DOCUMENTATION_COMMENTS = YES;
				CLANG_WARN_EMPTY_BODY = YES;
				CLANG_WARN_ENUM_CONVERSION = YES;
				CLANG_WARN_INFINITE_RECURSION = YES;
				CLANG_WARN_INT_CONVERSION = YES;
				CLANG_WARN_NON_LITERAL_NULL_CONVERSION = YES;
				CLANG_WARN_OBJC_IMPLICIT_RETAIN_SELF = YES;
				CLANG_WARN_OBJC_LITERAL_CONVERSION = YES;
				CLANG_WARN_OBJC_ROOT_CLASS = YES_ERROR;
				CLANG_WARN_QUOTED_INCLUDE_IN_FRAMEWORK_HEADER = YES;
				CLANG_WARN_RANGE_LOOP_ANALYSIS = YES;
				CLANG_WARN_STRICT_PROTOTYPES = YES;
				CLANG_WARN_SUSPICIOUS_MOVE = YES;
				CLANG_WARN_UNGUARDED_AVAILABILITY = YES_AGGRESSIVE;
				CLANG_WARN_UNREACHABLE_CODE = YES;
				CLANG_WARN__DUPLICATE_METHOD_MATCH = YES;
				COPY_PHASE_STRIP = NO;
				DEBUG_INFORMATION_FORMAT = "dwarf-with-dsym";
				ENABLE_NS_ASSERTIONS = NO;
				ENABLE_STRICT_OBJC_MSGSEND = YES;
				GCC_C_LANGUAGE_STANDARD = gnu11;
				GCC_NO_COMMON_BLOCKS = YES;
				GCC_WARN_64_TO_32_BIT_CONVERSION = YES;
				GCC_WARN_ABOUT_RETURN_TYPE = YES_ERROR;
				GCC_WARN_UNDECLARED_SELECTOR = YES;
				GCC_WARN_UNINITIALIZED_AUTOS = YES_AGGRESSIVE;
				GCC_WARN_UNUSED_FUNCTION = YES;
				GCC_WARN_UNUSED_VARIABLE = YES;
				IPHONEOS_DEPLOYMENT_TARGET = 16.4;
				MTL_ENABLE_DEBUG_INFO = NO;
				MTL_FAST_MATH = YES;
				SDKROOT = iphoneos;
				SWIFT_COMPILATION_MODE = wholemodule;
				SWIFT_OPTIMIZATION_LEVEL = "-O";
				VALIDATE_PRODUCT = YES;
			};
			name = Release;
		};
		934ACCFE2A6A89B000CF4930 /* Debug */ = {
			isa = XCBuildConfiguration;
			buildSettings = {
				ASSETCATALOG_COMPILER_APPICON_NAME = AppIcon;
				ASSETCATALOG_COMPILER_GLOBAL_ACCENT_COLOR_NAME = AccentColor;
				CODE_SIGN_STYLE = Automatic;
				CURRENT_PROJECT_VERSION = 1;
				DEVELOPMENT_TEAM = SDRFCCMG85;
				GENERATE_INFOPLIST_FILE = YES;
				INFOPLIST_FILE = XylopApp/Info.plist;
				INFOPLIST_KEY_UIApplicationSupportsIndirectInputEvents = YES;
				INFOPLIST_KEY_UILaunchStoryboardName = LaunchScreen;
				INFOPLIST_KEY_UIMainStoryboardFile = Main;
				INFOPLIST_KEY_UISupportedInterfaceOrientations_iPad = "UIInterfaceOrientationPortrait UIInterfaceOrientationPortraitUpsideDown UIInterfaceOrientationLandscapeLeft UIInterfaceOrientationLandscapeRight";
				INFOPLIST_KEY_UISupportedInterfaceOrientations_iPhone = "UIInterfaceOrientationPortrait UIInterfaceOrientationLandscapeLeft UIInterfaceOrientationLandscapeRight";
				LD_RUNPATH_SEARCH_PATHS = (
					"$(inherited)",
					"@executable_path/Frameworks",
				);
				MARKETING_VERSION = 1.0;
				PRODUCT_BUNDLE_IDENTIFIER = com.kadiirhocaoglu.XylopApp;
				PRODUCT_NAME = "$(TARGET_NAME)";
				SWIFT_EMIT_LOC_STRINGS = YES;
				SWIFT_VERSION = 5.0;
				TARGETED_DEVICE_FAMILY = "1,2";
			};
			name = Debug;
		};
		934ACCFF2A6A89B000CF4930 /* Release */ = {
			isa = XCBuildConfiguration;
			buildSettings = {
				ASSETCATALOG_COMPILER_APPICON_NAME = AppIcon;
				ASSETCATALOG_COMPILER_GLOBAL_ACCENT_COLOR_NAME = AccentColor;
				CODE_SIGN_STYLE = Automatic;
				CURRENT_PROJECT_VERSION = 1;
				DEVELOPMENT_TEAM = SDRFCCMG85;
				GENERATE_INFOPLIST_FILE = YES;
				INFOPLIST_FILE = XylopApp/Info.plist;
				INFOPLIST_KEY_UIApplicationSupportsIndirectInputEvents = YES;
				INFOPLIST_KEY_UILaunchStoryboardName = LaunchScreen;
				INFOPLIST_KEY_UIMainStoryboardFile = Main;
				INFOPLIST_KEY_UISupportedInterfaceOrientations_iPad = "UIInterfaceOrientationPortrait UIInterfaceOrientationPortraitUpsideDown UIInterfaceOrientationLandscapeLeft UIInterfaceOrientationLandscapeRight";
				INFOPLIST_KEY_UISupportedInterfaceOrientations_iPhone = "UIInterfaceOrientationPortrait UIInterfaceOrientationLandscapeLeft UIInterfaceOrientationLandscapeRight";
				LD_RUNPATH_SEARCH_PATHS = (
					"$(inherited)",
					"@executable_path/Frameworks",
				);
				MARKETING_VERSION = 1.0;
				PRODUCT_BUNDLE_IDENTIFIER = com.kadiirhocaoglu.XylopApp;
				PRODUCT_NAME = "$(TARGET_NAME)";
				SWIFT_EMIT_LOC_STRINGS = YES;
				SWIFT_VERSION = 5.0;
				TARGETED_DEVICE_FAMILY = "1,2";
			};
			name = Release;
		};
/* End XCBuildConfiguration section */

/* Begin XCConfigurationList section */
		934ACCE42A6A89AF00CF4930 /* Build configuration list for PBXProject "XylopApp" */ = {
			isa = XCConfigurationList;
			buildConfigurations = (
				934ACCFB2A6A89B000CF4930 /* Debug */,
				934ACCFC2A6A89B000CF4930 /* Release */,
			);
			defaultConfigurationIsVisible = 0;
			defaultConfigurationName = Release;
		};
		934ACCFD2A6A89B000CF4930 /* Build configuration list for PBXNativeTarget "XylopApp" */ = {
			isa = XCConfigurationList;
			buildConfigurations = (
				934ACCFE2A6A89B000CF4930 /* Debug */,
				934ACCFF2A6A89B000CF4930 /* Release */,
			);
			defaultConfigurationIsVisible = 0;
			defaultConfigurationName = Release;
		};
/* End XCConfigurationList section */
	};
	rootObject = 934ACCE12A6A89AF00CF4930 /* Project object */;
}
